
Microsoft Visual Studio Solution File, Format Version 12.00
# Visual Studio Version 16
VisualStudioVersion = 16.0.29025.244
MinimumVisualStudioVersion = 10.0.40219.1
Project("{9A19103F-16F7-4668-BE54-9A1E7A4F7556}") = "PlanetsApi", "PlanetsApi\PlanetsApi.csproj", "{FBE4E569-8F3F-4B0B-809A-3C5E37F366CB}"
EndProject
Project("{FAE04EC0-301F-11D3-BF4B-00C04F79EFBC}") = "planet-client", "planet-client\planet-client.csproj", "{3DE7D338-41E2-4DD5-AB1F-A8AEA8E5AF49}"
EndProject
Global
	GlobalSection(SolutionConfigurationPlatforms) = preSolution
		Debug|Any CPU = Debug|Any CPU
		Release|Any CPU = Release|Any CPU
	EndGlobalSection
	GlobalSection(ProjectConfigurationPlatforms) = postSolution
		{FBE4E569-8F3F-4B0B-809A-3C5E37F366CB}.Debug|Any CPU.ActiveCfg = Debug|Any CPU
		{FBE4E569-8F3F-4B0B-809A-3C5E37F366CB}.Debug|Any CPU.Build.0 = Debug|Any CPU
		{FBE4E569-8F3F-4B0B-809A-3C5E37F366CB}.Release|Any CPU.ActiveCfg = Release|Any CPU
		{FBE4E569-8F3F-4B0B-809A-3C5E37F366CB}.Release|Any CPU.Build.0 = Release|Any CPU
		{3DE7D338-41E2-4DD5-AB1F-A8AEA8E5AF49}.Debug|Any CPU.ActiveCfg = Debug|Any CPU
		{3DE7D338-41E2-4DD5-AB1F-A8AEA8E5AF49}.Debug|Any CPU.Build.0 = Debug|Any CPU
		{3DE7D338-41E2-4DD5-AB1F-A8AEA8E5AF49}.Release|Any CPU.ActiveCfg = Release|Any CPU
		{3DE7D338-41E2-4DD5-AB1F-A8AEA8E5AF49}.Release|Any CPU.Build.0 = Release|Any CPU
	EndGlobalSection
	GlobalSection(SolutionProperties) = preSolution
		HideSolutionNode = FALSE
	EndGlobalSection
	GlobalSection(ExtensibilityGlobals) = postSolution
		SolutionGuid = {5A6DE5A5-647C-4F7A-AC46-9EF5DFBEB942}
	EndGlobalSection
EndGlobal
